{
  "name": "thinkboard",
  "version": "1.0.0",
  "lockfileVersion": 3,
  "requires": true,
  "packages": {
    "": {
      "name": "thinkboard",
      "version": "1.0.0",
      "license": "ISC",
      "dependencies": {
        "path-to-regexp": "^1.7.0"
      }
    },
    "node_modules/isarray": {
      "version": "0.0.1",
      "resolved": "https://registry.npmjs.org/isarray/-/isarray-0.0.1.tgz",
      "integrity": "sha512-D2S+3GLxWH+uhrNEcoh/fnmYeP8E8/zHl644d/jdA0g2uyXvy3sb0qxotE+ne0LtccHknQzWwZEzhak7oJ0COQ==",
      "license": "MIT"
    },
    "node_modules/path-to-regexp": {
      "version": "1.7.0",
      "resolved": "https://registry.npmjs.org/path-to-regexp/-/path-to-regexp-1.7.0.tgz",
      "integrity": "sha512-nifX1uj4S9IrK/w3Xe7kKvNEepXivANs9ng60Iq7PU/BlouV3yL/VUhFqTuTq33ykwUqoNcTeGo5vdOBP4jS/Q==",
      "license": "MIT",
      "dependencies": {
        "isarray": "0.0.1"
      }
    }
  }
}
